
Microsoft Visual Studio Solution File, Format Version 12.00
# Visual Studio Version 16
VisualStudioVersion = 16.0.33927.289
MinimumVisualStudioVersion = 10.0.40219.1
Project("{2150E333-8FDC-42A3-9474-1A3956D46DE8}") = "Task0", "Task0", "{C13E57AA-F452-415E-B22D-1DAF68DA4591}"
EndProject
Project("{FAE04EC0-301F-11D3-BF4B-00C04F79EFBC}") = "Tyuiu.SabarovDA.Sprint3.Task0.V22", "Tyuiu.SabarovDA.Sprint3.Task0.V22\Tyuiu.SabarovDA.Sprint3.Task0.V22.csproj", "{97FDF57A-C5EE-492A-BA27-E7294354AEEF}"
EndProject
Project("{FAE04EC0-301F-11D3-BF4B-00C04F79EFBC}") = "Tyuiu.SabarovDA.Sprint3.Task0.V22.Lib", "Tyuiu.SabarovDA.Sprint3.Task0.V22.Lib\Tyuiu.SabarovDA.Sprint3.Task0.V22.Lib.csproj", "{2712447A-8C8D-4BFD-9963-352B3246D988}"
EndProject
Project("{FAE04EC0-301F-11D3-BF4B-00C04F79EFBC}") = "Tyuiu.SabarovDA.Sprint3.Task0.V22.Test", "Tyuiu.SabarovDA.Sprint3.Task0.V22.Test\Tyuiu.SabarovDA.Sprint3.Task0.V22.Test.csproj", "{E1B8DC7C-52D6-4010-9730-7C8724A66E2A}"
EndProject
Project("{2150E333-8FDC-42A3-9474-1A3956D46DE8}") = "Task1", "Task1", "{70FB9478-072E-434C-B6DE-45259313CA17}"
EndProject
Project("{FAE04EC0-301F-11D3-BF4B-00C04F79EFBC}") = "Tyuiu.SabarovDA.Sprint3.Task1.V7", "Tyuiu.SabarovDA.Sprint3.Task1.V7\Tyuiu.SabarovDA.Sprint3.Task1.V7.csproj", "{19A1E7ED-98DD-4576-9F57-4E8AC01B0EF7}"
EndProject
Project("{FAE04EC0-301F-11D3-BF4B-00C04F79EFBC}") = "Tyuiu.SabarovDA.Sprint3.Task1.V7.Lib", "Tyuiu.SabarovDA.Sprint3.Task1.V7.Lib\Tyuiu.SabarovDA.Sprint3.Task1.V7.Lib.csproj", "{720FA646-8148-4ED7-B150-B384BF18AD22}"
EndProject
Project("{FAE04EC0-301F-11D3-BF4B-00C04F79EFBC}") = "Tyuiu.SabarovDA.Sprint3.Task1.V7.Test", "Tyuiu.SabarovDA.Sprint3.Task1.V7.Test\Tyuiu.SabarovDA.Sprint3.Task1.V7.Test.csproj", "{ACFE987F-3A1C-4564-992E-EDA65AF387F9}"
EndProject
Project("{2150E333-8FDC-42A3-9474-1A3956D46DE8}") = "Task2", "Task2", "{17061A91-AA03-4654-BC43-022806210E1B}"
EndProject
Project("{FAE04EC0-301F-11D3-BF4B-00C04F79EFBC}") = "Tyuiu.SabarovDA.Sprint3.Task2.V29", "Tyuiu.SabarovDA.Sprint3.Task2.V29\Tyuiu.SabarovDA.Sprint3.Task2.V29.csproj", "{8EA37926-6352-4260-94D1-6ADAB7F50CC8}"
EndProject
Project("{FAE04EC0-301F-11D3-BF4B-00C04F79EFBC}") = "Tyuiu.SabarovDA.Sprint3.Task2.V29.Lib", "Tyuiu.SabarovDA.Sprint3.Task2.V29.Lib\Tyuiu.SabarovDA.Sprint3.Task2.V29.Lib.csproj", "{2B92B776-ED7C-407B-8C1A-243761CE3536}"
EndProject
Project("{FAE04EC0-301F-11D3-BF4B-00C04F79EFBC}") = "Tyuiu.SabarovDA.Sprint3.Task2.V29.Test", "Tyuiu.SabarovDA.Sprint3.Task2.V29.Test\Tyuiu.SabarovDA.Sprint3.Task2.V29.Test.csproj", "{6CCC8F61-0369-4E4A-BAE7-5CBA9C467F9C}"
EndProject
Project("{2150E333-8FDC-42A3-9474-1A3956D46DE8}") = "Task3", "Task3", "{9AC09ED4-9228-4D58-8DF5-E86D834820DF}"
EndProject
Project("{FAE04EC0-301F-11D3-BF4B-00C04F79EFBC}") = "Tyuiu.SabarovDA.Sprint3.Task3.V29", "Tyuiu.SabarovDA.Sprint3.Task3.V29\Tyuiu.SabarovDA.Sprint3.Task3.V29.csproj", "{689ECD75-323A-4B3F-A46B-851E39BA0FB5}"
EndProject
Project("{FAE04EC0-301F-11D3-BF4B-00C04F79EFBC}") = "Tyuiu.SabarovDA.Sprint3.Task3.V29.Lib", "Tyuiu.SabarovDA.Sprint3.Task3.V29.Lib\Tyuiu.SabarovDA.Sprint3.Task3.V29.Lib.csproj", "{504DDC69-C976-4627-AFDF-D0342B2F97DD}"
EndProject
Project("{FAE04EC0-301F-11D3-BF4B-00C04F79EFBC}") = "Tyuiu.SabarovDA.Sprint3.Task3.V29.Test", "Tyuiu.SabarovDA.Sprint3.Task3.V29.Test\Tyuiu.SabarovDA.Sprint3.Task3.V29.Test.csproj", "{036D89ED-0048-4D9B-9A62-619952A93639}"
EndProject
Project("{2150E333-8FDC-42A3-9474-1A3956D46DE8}") = "Task4", "Task4", "{974B4B21-831C-4128-88CD-228E8CF0F3C0}"
EndProject
Project("{FAE04EC0-301F-11D3-BF4B-00C04F79EFBC}") = "Tyuiu.SabarovDA.Sprint3.Task4.V28", "Tyuiu.SabarovDA.Sprint3.Task4.V28\Tyuiu.SabarovDA.Sprint3.Task4.V28.csproj", "{A65BC1EE-CDF3-4748-8B79-6E23500BB451}"
EndProject
Project("{FAE04EC0-301F-11D3-BF4B-00C04F79EFBC}") = "Tyuiu.SabarovDA.Sprint3.Task4.V28.Lib", "Tyuiu.SabarovDA.Sprint3.Task4.V28.Lib\Tyuiu.SabarovDA.Sprint3.Task4.V28.Lib.csproj", "{D5976792-B828-454D-9D7F-530BC4D1D15E}"
EndProject
Project("{FAE04EC0-301F-11D3-BF4B-00C04F79EFBC}") = "Tyuiu.SabarovDA.Sprint3.Task4.V28.Test", "Tyuiu.SabarovDA.Sprint3.Task4.V28.Test\Tyuiu.SabarovDA.Sprint3.Task4.V28.Test.csproj", "{D19A4C01-B028-45A8-9D8F-9882A5691B34}"
EndProject
Project("{2150E333-8FDC-42A3-9474-1A3956D46DE8}") = "Task5", "Task5", "{E50153F4-1647-4361-942E-E219EDD9416E}"
EndProject
Project("{FAE04EC0-301F-11D3-BF4B-00C04F79EFBC}") = "Tyuiu.SabarovDA.Sprint3.Task5.V27", "Tyuiu.SabarovDA.Sprint3.Task5.V27\Tyuiu.SabarovDA.Sprint3.Task5.V27.csproj", "{13552725-E7B8-4441-BB00-413E4DEC97D3}"
EndProject
Project("{FAE04EC0-301F-11D3-BF4B-00C04F79EFBC}") = "Tyuiu.SabarovDA.Sprint3.Task5.V27.Lib", "Tyuiu.SabarovDA.Sprint3.Task5.V27.Lib\Tyuiu.SabarovDA.Sprint3.Task5.V27.Lib.csproj", "{1DC57372-BF97-44CE-9345-544520FD2F0E}"
EndProject
Project("{FAE04EC0-301F-11D3-BF4B-00C04F79EFBC}") = "Tyuiu.SabarovDA.Sprint3.Task5.V27.Test", "Tyuiu.SabarovDA.Sprint3.Task5.V27.Test\Tyuiu.SabarovDA.Sprint3.Task5.V27.Test.csproj", "{94CE4B09-8E00-454A-9007-755C74183F1F}"
EndProject
Global
	GlobalSection(SolutionConfigurationPlatforms) = preSolution
		Debug|Any CPU = Debug|Any CPU
		Release|Any CPU = Release|Any CPU
	EndGlobalSection
	GlobalSection(ProjectConfigurationPlatforms) = postSolution
		{97FDF57A-C5EE-492A-BA27-E7294354AEEF}.Debug|Any CPU.ActiveCfg = Debug|Any CPU
		{97FDF57A-C5EE-492A-BA27-E7294354AEEF}.Debug|Any CPU.Build.0 = Debug|Any CPU
		{97FDF57A-C5EE-492A-BA27-E7294354AEEF}.Release|Any CPU.ActiveCfg = Release|Any CPU
		{97FDF57A-C5EE-492A-BA27-E7294354AEEF}.Release|Any CPU.Build.0 = Release|Any CPU
		{2712447A-8C8D-4BFD-9963-352B3246D988}.Debug|Any CPU.ActiveCfg = Debug|Any CPU
		{2712447A-8C8D-4BFD-9963-352B3246D988}.Debug|Any CPU.Build.0 = Debug|Any CPU
		{2712447A-8C8D-4BFD-9963-352B3246D988}.Release|Any CPU.ActiveCfg = Release|Any CPU
		{2712447A-8C8D-4BFD-9963-352B3246D988}.Release|Any CPU.Build.0 = Release|Any CPU
		{E1B8DC7C-52D6-4010-9730-7C8724A66E2A}.Debug|Any CPU.ActiveCfg = Debug|Any CPU
		{E1B8DC7C-52D6-4010-9730-7C8724A66E2A}.Debug|Any CPU.Build.0 = Debug|Any CPU
		{E1B8DC7C-52D6-4010-9730-7C8724A66E2A}.Release|Any CPU.ActiveCfg = Release|Any CPU
		{E1B8DC7C-52D6-4010-9730-7C8724A66E2A}.Release|Any CPU.Build.0 = Release|Any CPU
		{19A1E7ED-98DD-4576-9F57-4E8AC01B0EF7}.Debug|Any CPU.ActiveCfg = Debug|Any CPU
		{19A1E7ED-98DD-4576-9F57-4E8AC01B0EF7}.Debug|Any CPU.Build.0 = Debug|Any CPU
		{19A1E7ED-98DD-4576-9F57-4E8AC01B0EF7}.Release|Any CPU.ActiveCfg = Release|Any CPU
		{19A1E7ED-98DD-4576-9F57-4E8AC01B0EF7}.Release|Any CPU.Build.0 = Release|Any CPU
		{720FA646-8148-4ED7-B150-B384BF18AD22}.Debug|Any CPU.ActiveCfg = Debug|Any CPU
		{720FA646-8148-4ED7-B150-B384BF18AD22}.Debug|Any CPU.Build.0 = Debug|Any CPU
		{720FA646-8148-4ED7-B150-B384BF18AD22}.Release|Any CPU.ActiveCfg = Release|Any CPU
		{720FA646-8148-4ED7-B150-B384BF18AD22}.Release|Any CPU.Build.0 = Release|Any CPU
		{ACFE987F-3A1C-4564-992E-EDA65AF387F9}.Debug|Any CPU.ActiveCfg = Debug|Any CPU
		{ACFE987F-3A1C-4564-992E-EDA65AF387F9}.Debug|Any CPU.Build.0 = Debug|Any CPU
		{ACFE987F-3A1C-4564-992E-EDA65AF387F9}.Release|Any CPU.ActiveCfg = Release|Any CPU
		{ACFE987F-3A1C-4564-992E-EDA65AF387F9}.Release|Any CPU.Build.0 = Release|Any CPU
		{8EA37926-6352-4260-94D1-6ADAB7F50CC8}.Debug|Any CPU.ActiveCfg = Debug|Any CPU
		{8EA37926-6352-4260-94D1-6ADAB7F50CC8}.Debug|Any CPU.Build.0 = Debug|Any CPU
		{8EA37926-6352-4260-94D1-6ADAB7F50CC8}.Release|Any CPU.ActiveCfg = Release|Any CPU
		{8EA37926-6352-4260-94D1-6ADAB7F50CC8}.Release|Any CPU.Build.0 = Release|Any CPU
		{2B92B776-ED7C-407B-8C1A-243761CE3536}.Debug|Any CPU.ActiveCfg = Debug|Any CPU
		{2B92B776-ED7C-407B-8C1A-243761CE3536}.Debug|Any CPU.Build.0 = Debug|Any CPU
		{2B92B776-ED7C-407B-8C1A-243761CE3536}.Release|Any CPU.ActiveCfg = Release|Any CPU
		{2B92B776-ED7C-407B-8C1A-243761CE3536}.Release|Any CPU.Build.0 = Release|Any CPU
		{6CCC8F61-0369-4E4A-BAE7-5CBA9C467F9C}.Debug|Any CPU.ActiveCfg = Debug|Any CPU
		{6CCC8F61-0369-4E4A-BAE7-5CBA9C467F9C}.Debug|Any CPU.Build.0 = Debug|Any CPU
		{6CCC8F61-0369-4E4A-BAE7-5CBA9C467F9C}.Release|Any CPU.ActiveCfg = Release|Any CPU
		{6CCC8F61-0369-4E4A-BAE7-5CBA9C467F9C}.Release|Any CPU.Build.0 = Release|Any CPU
		{689ECD75-323A-4B3F-A46B-851E39BA0FB5}.Debug|Any CPU.ActiveCfg = Debug|Any CPU
		{689ECD75-323A-4B3F-A46B-851E39BA0FB5}.Debug|Any CPU.Build.0 = Debug|Any CPU
		{689ECD75-323A-4B3F-A46B-851E39BA0FB5}.Release|Any CPU.ActiveCfg = Release|Any CPU
		{689ECD75-323A-4B3F-A46B-851E39BA0FB5}.Release|Any CPU.Build.0 = Release|Any CPU
		{504DDC69-C976-4627-AFDF-D0342B2F97DD}.Debug|Any CPU.ActiveCfg = Debug|Any CPU
		{504DDC69-C976-4627-AFDF-D0342B2F97DD}.Debug|Any CPU.Build.0 = Debug|Any CPU
		{504DDC69-C976-4627-AFDF-D0342B2F97DD}.Release|Any CPU.ActiveCfg = Release|Any CPU
		{504DDC69-C976-4627-AFDF-D0342B2F97DD}.Release|Any CPU.Build.0 = Release|Any CPU
		{036D89ED-0048-4D9B-9A62-619952A93639}.Debug|Any CPU.ActiveCfg = Debug|Any CPU
		{036D89ED-0048-4D9B-9A62-619952A93639}.Debug|Any CPU.Build.0 = Debug|Any CPU
		{036D89ED-0048-4D9B-9A62-619952A93639}.Release|Any CPU.ActiveCfg = Release|Any CPU
		{036D89ED-0048-4D9B-9A62-619952A93639}.Release|Any CPU.Build.0 = Release|Any CPU
		{A65BC1EE-CDF3-4748-8B79-6E23500BB451}.Debug|Any CPU.ActiveCfg = Debug|Any CPU
		{A65BC1EE-CDF3-4748-8B79-6E23500BB451}.Debug|Any CPU.Build.0 = Debug|Any CPU
		{A65BC1EE-CDF3-4748-8B79-6E23500BB451}.Release|Any CPU.ActiveCfg = Release|Any CPU
		{A65BC1EE-CDF3-4748-8B79-6E23500BB451}.Release|Any CPU.Build.0 = Release|Any CPU
		{D5976792-B828-454D-9D7F-530BC4D1D15E}.Debug|Any CPU.ActiveCfg = Debug|Any CPU
		{D5976792-B828-454D-9D7F-530BC4D1D15E}.Debug|Any CPU.Build.0 = Debug|Any CPU
		{D5976792-B828-454D-9D7F-530BC4D1D15E}.Release|Any CPU.ActiveCfg = Release|Any CPU
		{D5976792-B828-454D-9D7F-530BC4D1D15E}.Release|Any CPU.Build.0 = Release|Any CPU
		{D19A4C01-B028-45A8-9D8F-9882A5691B34}.Debug|Any CPU.ActiveCfg = Debug|Any CPU
		{D19A4C01-B028-45A8-9D8F-9882A5691B34}.Debug|Any CPU.Build.0 = Debug|Any CPU
		{D19A4C01-B028-45A8-9D8F-9882A5691B34}.Release|Any CPU.ActiveCfg = Release|Any CPU
		{D19A4C01-B028-45A8-9D8F-9882A5691B34}.Release|Any CPU.Build.0 = Release|Any CPU
		{13552725-E7B8-4441-BB00-413E4DEC97D3}.Debug|Any CPU.ActiveCfg = Debug|Any CPU
		{13552725-E7B8-4441-BB00-413E4DEC97D3}.Debug|Any CPU.Build.0 = Debug|Any CPU
		{13552725-E7B8-4441-BB00-413E4DEC97D3}.Release|Any CPU.ActiveCfg = Release|Any CPU
		{13552725-E7B8-4441-BB00-413E4DEC97D3}.Release|Any CPU.Build.0 = Release|Any CPU
		{1DC57372-BF97-44CE-9345-544520FD2F0E}.Debug|Any CPU.ActiveCfg = Debug|Any CPU
		{1DC57372-BF97-44CE-9345-544520FD2F0E}.Debug|Any CPU.Build.0 = Debug|Any CPU
		{1DC57372-BF97-44CE-9345-544520FD2F0E}.Release|Any CPU.ActiveCfg = Release|Any CPU
		{1DC57372-BF97-44CE-9345-544520FD2F0E}.Release|Any CPU.Build.0 = Release|Any CPU
		{94CE4B09-8E00-454A-9007-755C74183F1F}.Debug|Any CPU.ActiveCfg = Debug|Any CPU
		{94CE4B09-8E00-454A-9007-755C74183F1F}.Debug|Any CPU.Build.0 = Debug|Any CPU
		{94CE4B09-8E00-454A-9007-755C74183F1F}.Release|Any CPU.ActiveCfg = Release|Any CPU
		{94CE4B09-8E00-454A-9007-755C74183F1F}.Release|Any CPU.Build.0 = Release|Any CPU
	EndGlobalSection
	GlobalSection(SolutionProperties) = preSolution
		HideSolutionNode = FALSE
	EndGlobalSection
	GlobalSection(NestedProjects) = preSolution
		{97FDF57A-C5EE-492A-BA27-E7294354AEEF} = {C13E57AA-F452-415E-B22D-1DAF68DA4591}
		{2712447A-8C8D-4BFD-9963-352B3246D988} = {C13E57AA-F452-415E-B22D-1DAF68DA4591}
		{E1B8DC7C-52D6-4010-9730-7C8724A66E2A} = {C13E57AA-F452-415E-B22D-1DAF68DA4591}
		{19A1E7ED-98DD-4576-9F57-4E8AC01B0EF7} = {70FB9478-072E-434C-B6DE-45259313CA17}
		{720FA646-8148-4ED7-B150-B384BF18AD22} = {70FB9478-072E-434C-B6DE-45259313CA17}
		{ACFE987F-3A1C-4564-992E-EDA65AF387F9} = {70FB9478-072E-434C-B6DE-45259313CA17}
		{8EA37926-6352-4260-94D1-6ADAB7F50CC8} = {17061A91-AA03-4654-BC43-022806210E1B}
		{2B92B776-ED7C-407B-8C1A-243761CE3536} = {17061A91-AA03-4654-BC43-022806210E1B}
		{6CCC8F61-0369-4E4A-BAE7-5CBA9C467F9C} = {17061A91-AA03-4654-BC43-022806210E1B}
		{689ECD75-323A-4B3F-A46B-851E39BA0FB5} = {9AC09ED4-9228-4D58-8DF5-E86D834820DF}
		{504DDC69-C976-4627-AFDF-D0342B2F97DD} = {9AC09ED4-9228-4D58-8DF5-E86D834820DF}
		{036D89ED-0048-4D9B-9A62-619952A93639} = {9AC09ED4-9228-4D58-8DF5-E86D834820DF}
		{A65BC1EE-CDF3-4748-8B79-6E23500BB451} = {974B4B21-831C-4128-88CD-228E8CF0F3C0}
		{D5976792-B828-454D-9D7F-530BC4D1D15E} = {974B4B21-831C-4128-88CD-228E8CF0F3C0}
		{D19A4C01-B028-45A8-9D8F-9882A5691B34} = {974B4B21-831C-4128-88CD-228E8CF0F3C0}
		{13552725-E7B8-4441-BB00-413E4DEC97D3} = {E50153F4-1647-4361-942E-E219EDD9416E}
		{1DC57372-BF97-44CE-9345-544520FD2F0E} = {E50153F4-1647-4361-942E-E219EDD9416E}
		{94CE4B09-8E00-454A-9007-755C74183F1F} = {E50153F4-1647-4361-942E-E219EDD9416E}
	EndGlobalSection
	GlobalSection(ExtensibilityGlobals) = postSolution
		SolutionGuid = {57C59AFF-F4D0-4D51-95F9-10DB26D44834}
	EndGlobalSection
EndGlobal
